
Microsoft Visual Studio Solution File, Format Version 12.00
# Visual Studio Version 17
VisualStudioVersion = 17.2.32526.322
MinimumVisualStudioVersion = 10.0.40219.1
Project("{FAE04EC0-301F-11D3-BF4B-00C04F79EFBC}") = "Comment reverter", "Comment reverter\Comment reverter.csproj", "{FF591199-D03E-4B76-BE6F-A10541A72B96}"
EndProject
Global
	GlobalSection(SolutionConfigurationPlatforms) = preSolution
		Debug|Any CPU = Debug|Any CPU
		Release|Any CPU = Release|Any CPU
	EndGlobalSection
	GlobalSection(ProjectConfigurationPlatforms) = postSolution
		{FF591199-D03E-4B76-BE6F-A10541A72B96}.Debug|Any CPU.ActiveCfg = Debug|Any CPU
		{FF591199-D03E-4B76-BE6F-A10541A72B96}.Debug|Any CPU.Build.0 = Debug|Any CPU
		{FF591199-D03E-4B76-BE6F-A10541A72B96}.Release|Any CPU.ActiveCfg = Release|Any CPU
		{FF591199-D03E-4B76-BE6F-A10541A72B96}.Release|Any CPU.Build.0 = Release|Any CPU
	EndGlobalSection
	GlobalSection(SolutionProperties) = preSolution
		HideSolutionNode = FALSE
	EndGlobalSection
	GlobalSection(ExtensibilityGlobals) = postSolution
		SolutionGuid = {306234E1-1562-404C-B87D-CD545F6FA016}
	EndGlobalSection
EndGlobal
